
Microsoft Visual Studio Solution File, Format Version 12.00
# Visual Studio Version 17
VisualStudioVersion = 17.5.33516.290
MinimumVisualStudioVersion = 10.0.40219.1
Project("{9A19103F-16F7-4668-BE54-9A1E7A4F7556}") = "TheDivine", "TheDivine.csproj", "{CAACAABC-DF07-4977-BB5C-28F625065171}"
EndProject
Global
	GlobalSection(SolutionConfigurationPlatforms) = preSolution
		Debug|Any CPU = Debug|Any CPU
		Release|Any CPU = Release|Any CPU
	EndGlobalSection
	GlobalSection(ProjectConfigurationPlatforms) = postSolution
		{CAACAABC-DF07-4977-BB5C-28F625065171}.Debug|Any CPU.ActiveCfg = Debug|Any CPU
		{CAACAABC-DF07-4977-BB5C-28F625065171}.Debug|Any CPU.Build.0 = Debug|Any CPU
		{CAACAABC-DF07-4977-BB5C-28F625065171}.Release|Any CPU.ActiveCfg = Release|Any CPU
		{CAACAABC-DF07-4977-BB5C-28F625065171}.Release|Any CPU.Build.0 = Release|Any CPU
	EndGlobalSection
	GlobalSection(SolutionProperties) = preSolution
		HideSolutionNode = FALSE
	EndGlobalSection
	GlobalSection(ExtensibilityGlobals) = postSolution
		SolutionGuid = {F7170EC2-6B6E-497A-B850-10A7B34A58DD}
	EndGlobalSection
EndGlobal
